
Microsoft Visual Studio Solution File, Format Version 12.00
# Visual Studio Version 17
VisualStudioVersion = 17.8.34322.80
MinimumVisualStudioVersion = 10.0.40219.1
Project("{9A19103F-16F7-4668-BE54-9A1E7A4F7556}") = "Textify", "Textify\Textify.csproj", "{CB3B9D62-0BA5-4A25-9633-101F2D075D8E}"
EndProject
Project("{9A19103F-16F7-4668-BE54-9A1E7A4F7556}") = "Textify.Online", "Textify.Online\Textify.Online.csproj", "{DD0A9688-035C-49BF-A2F2-962793B40EA5}"
EndProject
Project("{2150E333-8FDC-42A3-9474-1A3956D46DE8}") = "Libraries", "Libraries", "{0A6A4E1B-3155-449E-9F2F-907FEBEDA33F}"
EndProject
Project("{2150E333-8FDC-42A3-9474-1A3956D46DE8}") = "Demos", "Demos", "{DD49A9BB-1346-456A-91E6-067D54B5077C}"
EndProject
Project("{2150E333-8FDC-42A3-9474-1A3956D46DE8}") = "Tests", "Tests", "{79B48F86-A55C-46DB-AE3E-08E1DE594790}"
EndProject
Project("{9A19103F-16F7-4668-BE54-9A1E7A4F7556}") = "Textify.Tests", "Textify.Tests\Textify.Tests.csproj", "{B77D6F2E-DFD7-442D-B0B3-851F7E852479}"
EndProject
Project("{9A19103F-16F7-4668-BE54-9A1E7A4F7556}") = "Textify.Demos.Offline", "Textify.Demos.Offline\Textify.Demos.Offline.csproj", "{397ADB91-8A5D-405D-B714-06BD9E69AA63}"
EndProject
Project("{FAE04EC0-301F-11D3-BF4B-00C04F79EFBC}") = "Textify.Demos.Online", "Textify.Demos.Online\Textify.Demos.Online.csproj", "{27680180-87ED-4320-9706-09898284E519}"
EndProject
Global
	GlobalSection(SolutionConfigurationPlatforms) = preSolution
		Debug|Any CPU = Debug|Any CPU
		Release|Any CPU = Release|Any CPU
	EndGlobalSection
	GlobalSection(ProjectConfigurationPlatforms) = postSolution
		{CB3B9D62-0BA5-4A25-9633-101F2D075D8E}.Debug|Any CPU.ActiveCfg = Debug|Any CPU
		{CB3B9D62-0BA5-4A25-9633-101F2D075D8E}.Debug|Any CPU.Build.0 = Debug|Any CPU
		{CB3B9D62-0BA5-4A25-9633-101F2D075D8E}.Release|Any CPU.ActiveCfg = Release|Any CPU
		{CB3B9D62-0BA5-4A25-9633-101F2D075D8E}.Release|Any CPU.Build.0 = Release|Any CPU
		{DD0A9688-035C-49BF-A2F2-962793B40EA5}.Debug|Any CPU.ActiveCfg = Debug|Any CPU
		{DD0A9688-035C-49BF-A2F2-962793B40EA5}.Debug|Any CPU.Build.0 = Debug|Any CPU
		{DD0A9688-035C-49BF-A2F2-962793B40EA5}.Release|Any CPU.ActiveCfg = Release|Any CPU
		{DD0A9688-035C-49BF-A2F2-962793B40EA5}.Release|Any CPU.Build.0 = Release|Any CPU
		{B77D6F2E-DFD7-442D-B0B3-851F7E852479}.Debug|Any CPU.ActiveCfg = Debug|Any CPU
		{B77D6F2E-DFD7-442D-B0B3-851F7E852479}.Debug|Any CPU.Build.0 = Debug|Any CPU
		{B77D6F2E-DFD7-442D-B0B3-851F7E852479}.Release|Any CPU.ActiveCfg = Release|Any CPU
		{B77D6F2E-DFD7-442D-B0B3-851F7E852479}.Release|Any CPU.Build.0 = Release|Any CPU
		{397ADB91-8A5D-405D-B714-06BD9E69AA63}.Debug|Any CPU.ActiveCfg = Debug|Any CPU
		{397ADB91-8A5D-405D-B714-06BD9E69AA63}.Debug|Any CPU.Build.0 = Debug|Any CPU
		{397ADB91-8A5D-405D-B714-06BD9E69AA63}.Release|Any CPU.ActiveCfg = Release|Any CPU
		{397ADB91-8A5D-405D-B714-06BD9E69AA63}.Release|Any CPU.Build.0 = Release|Any CPU
		{27680180-87ED-4320-9706-09898284E519}.Debug|Any CPU.ActiveCfg = Debug|Any CPU
		{27680180-87ED-4320-9706-09898284E519}.Debug|Any CPU.Build.0 = Debug|Any CPU
		{27680180-87ED-4320-9706-09898284E519}.Release|Any CPU.ActiveCfg = Release|Any CPU
		{27680180-87ED-4320-9706-09898284E519}.Release|Any CPU.Build.0 = Release|Any CPU
	EndGlobalSection
	GlobalSection(SolutionProperties) = preSolution
		HideSolutionNode = FALSE
	EndGlobalSection
	GlobalSection(NestedProjects) = preSolution
		{CB3B9D62-0BA5-4A25-9633-101F2D075D8E} = {0A6A4E1B-3155-449E-9F2F-907FEBEDA33F}
		{DD0A9688-035C-49BF-A2F2-962793B40EA5} = {0A6A4E1B-3155-449E-9F2F-907FEBEDA33F}
		{B77D6F2E-DFD7-442D-B0B3-851F7E852479} = {79B48F86-A55C-46DB-AE3E-08E1DE594790}
		{397ADB91-8A5D-405D-B714-06BD9E69AA63} = {DD49A9BB-1346-456A-91E6-067D54B5077C}
		{27680180-87ED-4320-9706-09898284E519} = {DD49A9BB-1346-456A-91E6-067D54B5077C}
	EndGlobalSection
	GlobalSection(ExtensibilityGlobals) = postSolution
		SolutionGuid = {61AE20E4-668F-42E2-B113-3B8F2A86F008}
	EndGlobalSection
EndGlobal
